
Microsoft Visual Studio Solution File, Format Version 12.00
# Visual Studio Version 17
VisualStudioVersion = 17.5.33414.496
MinimumVisualStudioVersion = 10.0.40219.1
Project("{FAE04EC0-301F-11D3-BF4B-00C04F79EFBC}") = "ApiTodo", "ApiTodo\ApiTodo.csproj", "{647D8860-5604-4427-8D0A-BF5097A6C3A9}"
EndProject
Global
	GlobalSection(SolutionConfigurationPlatforms) = preSolution
		Debug|Any CPU = Debug|Any CPU
		Release|Any CPU = Release|Any CPU
	EndGlobalSection
	GlobalSection(ProjectConfigurationPlatforms) = postSolution
		{647D8860-5604-4427-8D0A-BF5097A6C3A9}.Debug|Any CPU.ActiveCfg = Debug|Any CPU
		{647D8860-5604-4427-8D0A-BF5097A6C3A9}.Debug|Any CPU.Build.0 = Debug|Any CPU
		{647D8860-5604-4427-8D0A-BF5097A6C3A9}.Release|Any CPU.ActiveCfg = Release|Any CPU
		{647D8860-5604-4427-8D0A-BF5097A6C3A9}.Release|Any CPU.Build.0 = Release|Any CPU
	EndGlobalSection
	GlobalSection(SolutionProperties) = preSolution
		HideSolutionNode = FALSE
	EndGlobalSection
	GlobalSection(ExtensibilityGlobals) = postSolution
		SolutionGuid = {19967265-D3B7-4781-9515-F56D6C53600C}
	EndGlobalSection
EndGlobal
